// !$*UTF8*$!
{
	archiveVersion = 1;
	classes = {
	};
	objectVersion = 52;
	objects = {

/* Begin PBXBuildFile section */
		8D145E9B26CE3B38003FB969 /* AppearanceViewController.swift in Sources */ = {isa = PBXBuildFile; fileRef = 8D145E9A26CE3B38003FB969 /* AppearanceViewController.swift */; };
		8D5017AB26CCE914003A2252 /* ArticleDetailViewController.swift in Sources */ = {isa = PBXBuildFile; fileRef = 8D5017AA26CCE914003A2252 /* ArticleDetailViewController.swift */; };
		8D5017AD26CCF1F4003A2252 /* WebViewController.swift in Sources */ = {isa = PBXBuildFile; fileRef = 8D5017AC26CCF1F4003A2252 /* WebViewController.swift */; };
		8D5017AF26CCF895003A2252 /* SavedNewsTableViewController.swift in Sources */ = {isa = PBXBuildFile; fileRef = 8D5017AE26CCF895003A2252 /* SavedNewsTableViewController.swift */; };
		8DD5CA4726CBB8D600D3FCFF /* AppDelegate.swift in Sources */ = {isa = PBXBuildFile; fileRef = 8DD5CA4626CBB8D600D3FCFF /* AppDelegate.swift */; };
		8DD5CA4926CBB8D600D3FCFF /* SceneDelegate.swift in Sources */ = {isa = PBXBuildFile; fileRef = 8DD5CA4826CBB8D600D3FCFF /* SceneDelegate.swift */; };
		8DD5CA4B26CBB8D600D3FCFF /* TopHeadlinesNewsFeedViewController.swift in Sources */ = {isa = PBXBuildFile; fileRef = 8DD5CA4A26CBB8D600D3FCFF /* TopHeadlinesNewsFeedViewController.swift */; };
		8DD5CA4E26CBB8D600D3FCFF /* Main.storyboard in Resources */ = {isa = PBXBuildFile; fileRef = 8DD5CA4C26CBB8D600D3FCFF /* Main.storyboard */; };
		8DD5CA5126CBB8D600D3FCFF /* USScienceNewsFeed.xcdatamodeld in Sources */ = {isa = PBXBuildFile; fileRef = 8DD5CA4F26CBB8D600D3FCFF /* USScienceNewsFeed.xcdatamodeld */; };
		8DD5CA5326CBB8D900D3FCFF /* Assets.xcassets in Resources */ = {isa = PBXBuildFile; fileRef = 8DD5CA5226CBB8D900D3FCFF /* Assets.xcassets */; };
		8DD5CA5626CBB8D900D3FCFF /* LaunchScreen.storyboard in Resources */ = {isa = PBXBuildFile; fileRef = 8DD5CA5426CBB8D900D3FCFF /* LaunchScreen.storyboard */; };
		8DD5CA6326CBB9A200D3FCFF /* Alert.swift in Sources */ = {isa = PBXBuildFile; fileRef = 8DD5CA6226CBB9A200D3FCFF /* Alert.swift */; };
		8DD5CA6526CBBF4400D3FCFF /* NewsTableViewCell.swift in Sources */ = {isa = PBXBuildFile; fileRef = 8DD5CA6426CBBF4400D3FCFF /* NewsTableViewCell.swift */; };
		8DD5CA6726CBC24900D3FCFF /* Item.swift in Sources */ = {isa = PBXBuildFile; fileRef = 8DD5CA6626CBC24900D3FCFF /* Item.swift */; };
		8DD5CA6A26CBC2AE00D3FCFF /* Gloss in Frameworks */ = {isa = PBXBuildFile; productRef = 8DD5CA6926CBC2AE00D3FCFF /* Gloss */; };
		8DD5CA7126CBD77D00D3FCFF /* Karma-SemiBold.ttf in Resources */ = {isa = PBXBuildFile; fileRef = 8DD5CA7026CBD77D00D3FCFF /* Karma-SemiBold.ttf */; };
		8DD5CA7326CBD78E00D3FCFF /* Karma-Bold.ttf in Resources */ = {isa = PBXBuildFile; fileRef = 8DD5CA7226CBD78D00D3FCFF /* Karma-Bold.ttf */; };
		8DD5CA7526CBD79500D3FCFF /* Karma-Medium.ttf in Resources */ = {isa = PBXBuildFile; fileRef = 8DD5CA7426CBD79500D3FCFF /* Karma-Medium.ttf */; };
/* End PBXBuildFile section */

/* Begin PBXFileReference section */
		8D145E9A26CE3B38003FB969 /* AppearanceViewController.swift */ = {isa = PBXFileReference; lastKnownFileType = sourcecode.swift; path = AppearanceViewController.swift; sourceTree = "<group>"; };
		8D5017AA26CCE914003A2252 /* ArticleDetailViewController.swift */ = {isa = PBXFileReference; lastKnownFileType = sourcecode.swift; path = ArticleDetailViewController.swift; sourceTree = "<group>"; };
		8D5017AC26CCF1F4003A2252 /* WebViewController.swift */ = {isa = PBXFileReference; lastKnownFileType = sourcecode.swift; path = WebViewController.swift; sourceTree = "<group>"; };
		8D5017AE26CCF895003A2252 /* SavedNewsTableViewController.swift */ = {isa = PBXFileReference; lastKnownFileType = sourcecode.swift; path = SavedNewsTableViewController.swift; sourceTree = "<group>"; };
		8DD5CA4326CBB8D600D3FCFF /* TopHeadlinesNewsFeed.app */ = {isa = PBXFileReference; explicitFileType = wrapper.application; includeInIndex = 0; path = TopHeadlinesNewsFeed.app; sourceTree = BUILT_PRODUCTS_DIR; };
		8DD5CA4626CBB8D600D3FCFF /* AppDelegate.swift */ = {isa = PBXFileReference; lastKnownFileType = sourcecode.swift; path = AppDelegate.swift; sourceTree = "<group>"; };
		8DD5CA4826CBB8D600D3FCFF /* SceneDelegate.swift */ = {isa = PBXFileReference; lastKnownFileType = sourcecode.swift; path = SceneDelegate.swift; sourceTree = "<group>"; };
		8DD5CA4A26CBB8D600D3FCFF /* TopHeadlinesNewsFeedViewController.swift */ = {isa = PBXFileReference; lastKnownFileType = sourcecode.swift; path = TopHeadlinesNewsFeedViewController.swift; sourceTree = "<group>"; };
		8DD5CA4D26CBB8D600D3FCFF /* Base */ = {isa = PBXFileReference; lastKnownFileType = file.storyboard; name = Base; path = Base.lproj/Main.storyboard; sourceTree = "<group>"; };
		8DD5CA5026CBB8D600D3FCFF /* USScienceNewsFeed.xcdatamodel */ = {isa = PBXFileReference; lastKnownFileType = wrapper.xcdatamodel; path = USScienceNewsFeed.xcdatamodel; sourceTree = "<group>"; };
		8DD5CA5226CBB8D900D3FCFF /* Assets.xcassets */ = {isa = PBXFileReference; lastKnownFileType = folder.assetcatalog; path = Assets.xcassets; sourceTree = "<group>"; };
		8DD5CA5526CBB8D900D3FCFF /* Base */ = {isa = PBXFileReference; lastKnownFileType = file.storyboard; name = Base; path = Base.lproj/LaunchScreen.storyboard; sourceTree = "<group>"; };
		8DD5CA5726CBB8D900D3FCFF /* Info.plist */ = {isa = PBXFileReference; lastKnownFileType = text.plist.xml; path = Info.plist; sourceTree = "<group>"; };
		8DD5CA6226CBB9A200D3FCFF /* Alert.swift */ = {isa = PBXFileReference; lastKnownFileType = sourcecode.swift; path = Alert.swift; sourceTree = "<group>"; };
		8DD5CA6426CBBF4400D3FCFF /* NewsTableViewCell.swift */ = {isa = PBXFileReference; lastKnownFileType = sourcecode.swift; path = NewsTableViewCell.swift; sourceTree = "<group>"; };
		8DD5CA6626CBC24900D3FCFF /* Item.swift */ = {isa = PBXFileReference; lastKnownFileType = sourcecode.swift; path = Item.swift; sourceTree = "<group>"; };
		8DD5CA7026CBD77D00D3FCFF /* Karma-SemiBold.ttf */ = {isa = PBXFileReference; lastKnownFileType = file; path = "Karma-SemiBold.ttf"; sourceTree = "<group>"; };
		8DD5CA7226CBD78D00D3FCFF /* Karma-Bold.ttf */ = {isa = PBXFileReference; lastKnownFileType = file; path = "Karma-Bold.ttf"; sourceTree = "<group>"; };
		8DD5CA7426CBD79500D3FCFF /* Karma-Medium.ttf */ = {isa = PBXFileReference; lastKnownFileType = file; path = "Karma-Medium.ttf"; sourceTree = "<group>"; };
/* End PBXFileReference section */

/* Begin PBXFrameworksBuildPhase section */
		8DD5CA4026CBB8D600D3FCFF /* Frameworks */ = {
			isa = PBXFrameworksBuildPhase;
			buildActionMask = 2147483647;
			files = (
				8DD5CA6A26CBC2AE00D3FCFF /* Gloss in Frameworks */,
			);
			runOnlyForDeploymentPostprocessing = 0;
		};
/* End PBXFrameworksBuildPhase section */

/* Begin PBXGroup section */
		8DD5CA3A26CBB8D600D3FCFF = {
			isa = PBXGroup;
			children = (
				8DD5CA4526CBB8D600D3FCFF /* USScienceNewsFeed */,
				8DD5CA4426CBB8D600D3FCFF /* Products */,
			);
			sourceTree = "<group>";
		};
		8DD5CA4426CBB8D600D3FCFF /* Products */ = {
			isa = PBXGroup;
			children = (
				8DD5CA4326CBB8D600D3FCFF /* TopHeadlinesNewsFeed.app */,
			);
			name = Products;
			sourceTree = "<group>";
		};
		8DD5CA4526CBB8D600D3FCFF /* USScienceNewsFeed */ = {
			isa = PBXGroup;
			children = (
				8DD5CA6B26CBD65200D3FCFF /* ExtraResources */,
				8DD5CA6126CBB97C00D3FCFF /* Extension */,
				8DD5CA5D26CBB8F800D3FCFF /* AppDelegate */,
				8DD5CA6026CBB94300D3FCFF /* Model */,
				8DD5CA5F26CBB90900D3FCFF /* View */,
				8DD5CA5E26CBB90200D3FCFF /* Controllers */,
				8DD5CA5226CBB8D900D3FCFF /* Assets.xcassets */,
				8DD5CA5726CBB8D900D3FCFF /* Info.plist */,
				8DD5CA4F26CBB8D600D3FCFF /* USScienceNewsFeed.xcdatamodeld */,
			);
			path = USScienceNewsFeed;
			sourceTree = "<group>";
		};
		8DD5CA5D26CBB8F800D3FCFF /* AppDelegate */ = {
			isa = PBXGroup;
			children = (
				8DD5CA4626CBB8D600D3FCFF /* AppDelegate.swift */,
				8DD5CA4826CBB8D600D3FCFF /* SceneDelegate.swift */,
			);
			path = AppDelegate;
			sourceTree = "<group>";
		};
		8DD5CA5E26CBB90200D3FCFF /* Controllers */ = {
			isa = PBXGroup;
			children = (
				8DD5CA4A26CBB8D600D3FCFF /* TopHeadlinesNewsFeedViewController.swift */,
				8DD5CA6426CBBF4400D3FCFF /* NewsTableViewCell.swift */,
				8D5017AA26CCE914003A2252 /* ArticleDetailViewController.swift */,
				8D5017AC26CCF1F4003A2252 /* WebViewController.swift */,
				8D5017AE26CCF895003A2252 /* SavedNewsTableViewController.swift */,
				8D145E9A26CE3B38003FB969 /* AppearanceViewController.swift */,
			);
			path = Controllers;
			sourceTree = "<group>";
		};
		8DD5CA5F26CBB90900D3FCFF /* View */ = {
			isa = PBXGroup;
			children = (
				8DD5CA4C26CBB8D600D3FCFF /* Main.storyboard */,
				8DD5CA5426CBB8D900D3FCFF /* LaunchScreen.storyboard */,
			);
			path = View;
			sourceTree = "<group>";
		};
		8DD5CA6026CBB94300D3FCFF /* Model */ = {
			isa = PBXGroup;
			children = (
				8DD5CA6626CBC24900D3FCFF /* Item.swift */,
			);
			name = Model;
			sourceTree = "<group>";
		};
		8DD5CA6126CBB97C00D3FCFF /* Extension */ = {
			isa = PBXGroup;
			children = (
				8DD5CA6226CBB9A200D3FCFF /* Alert.swift */,
			);
			path = Extension;
			sourceTree = "<group>";
		};
		8DD5CA6B26CBD65200D3FCFF /* ExtraResources */ = {
			isa = PBXGroup;
			children = (
				8DD5CA7426CBD79500D3FCFF /* Karma-Medium.ttf */,
				8DD5CA7226CBD78D00D3FCFF /* Karma-Bold.ttf */,
				8DD5CA7026CBD77D00D3FCFF /* Karma-SemiBold.ttf */,
			);
			name = ExtraResources;
			sourceTree = "<group>";
		};
/* End PBXGroup section */

/* Begin PBXNativeTarget section */
		8DD5CA4226CBB8D600D3FCFF /* TopHeadlinesNewsFeed */ = {
			isa = PBXNativeTarget;
			buildConfigurationList = 8DD5CA5A26CBB8D900D3FCFF /* Build configuration list for PBXNativeTarget "TopHeadlinesNewsFeed" */;
			buildPhases = (
				8DD5CA3F26CBB8D600D3FCFF /* Sources */,
				8DD5CA4026CBB8D600D3FCFF /* Frameworks */,
				8DD5CA4126CBB8D600D3FCFF /* Resources */,
			);
			buildRules = (
			);
			dependencies = (
			);
			name = TopHeadlinesNewsFeed;
			packageProductDependencies = (
				8DD5CA6926CBC2AE00D3FCFF /* Gloss */,
			);
			productName = USScienceNewsFeed;
			productReference = 8DD5CA4326CBB8D600D3FCFF /* TopHeadlinesNewsFeed.app */;
			productType = "com.apple.product-type.application";
		};
/* End PBXNativeTarget section */

/* Begin PBXProject section */
		8DD5CA3B26CBB8D600D3FCFF /* Project object */ = {
			isa = PBXProject;
			attributes = {
				LastSwiftUpdateCheck = 1250;
				LastUpgradeCheck = 1250;
				TargetAttributes = {
					8DD5CA4226CBB8D600D3FCFF = {
						CreatedOnToolsVersion = 12.5.1;
					};
				};
			};
			buildConfigurationList = 8DD5CA3E26CBB8D600D3FCFF /* Build configuration list for PBXProject "TopHeadlinesNewsFeed" */;
			compatibilityVersion = "Xcode 9.3";
			developmentRegion = en;
			hasScannedForEncodings = 0;
			knownRegions = (
				en,
				Base,
			);
			mainGroup = 8DD5CA3A26CBB8D600D3FCFF;
			packageReferences = (
				8DD5CA6826CBC2AE00D3FCFF /* XCRemoteSwiftPackageReference "Gloss" */,
			);
			productRefGroup = 8DD5CA4426CBB8D600D3FCFF /* Products */;
			projectDirPath = "";
			projectRoot = "";
			targets = (
				8DD5CA4226CBB8D600D3FCFF /* TopHeadlinesNewsFeed */,
			);
		};
/* End PBXProject section */

/* Begin PBXResourcesBuildPhase section */
		8DD5CA4126CBB8D600D3FCFF /* Resources */ = {
			isa = PBXResourcesBuildPhase;
			buildActionMask = 2147483647;
			files = (
				8DD5CA5626CBB8D900D3FCFF /* LaunchScreen.storyboard in Resources */,
				8DD5CA7326CBD78E00D3FCFF /* Karma-Bold.ttf in Resources */,
				8DD5CA7526CBD79500D3FCFF /* Karma-Medium.ttf in Resources */,
				8DD5CA5326CBB8D900D3FCFF /* Assets.xcassets in Resources */,
				8DD5CA7126CBD77D00D3FCFF /* Karma-SemiBold.ttf in Resources */,
				8DD5CA4E26CBB8D600D3FCFF /* Main.storyboard in Resources */,
			);
			runOnlyForDeploymentPostprocessing = 0;
		};
/* End PBXResourcesBuildPhase section */

/* Begin PBXSourcesBuildPhase section */
		8DD5CA3F26CBB8D600D3FCFF /* Sources */ = {
			isa = PBXSourcesBuildPhase;
			buildActionMask = 2147483647;
			files = (
				8DD5CA4B26CBB8D600D3FCFF /* TopHeadlinesNewsFeedViewController.swift in Sources */,
				8D5017AD26CCF1F4003A2252 /* WebViewController.swift in Sources */,
				8DD5CA5126CBB8D600D3FCFF /* USScienceNewsFeed.xcdatamodeld in Sources */,
				8D145E9B26CE3B38003FB969 /* AppearanceViewController.swift in Sources */,
				8DD5CA6526CBBF4400D3FCFF /* NewsTableViewCell.swift in Sources */,
				8D5017AF26CCF895003A2252 /* SavedNewsTableViewController.swift in Sources */,
				8DD5CA4726CBB8D600D3FCFF /* AppDelegate.swift in Sources */,
				8DD5CA6726CBC24900D3FCFF /* Item.swift in Sources */,
				8DD5CA6326CBB9A200D3FCFF /* Alert.swift in Sources */,
				8D5017AB26CCE914003A2252 /* ArticleDetailViewController.swift in Sources */,
				8DD5CA4926CBB8D600D3FCFF /* SceneDelegate.swift in Sources */,
			);
			runOnlyForDeploymentPostprocessing = 0;
		};
/* End PBXSourcesBuildPhase section */

/* Begin PBXVariantGroup section */
		8DD5CA4C26CBB8D600D3FCFF /* Main.storyboard */ = {
			isa = PBXVariantGroup;
			children = (
				8DD5CA4D26CBB8D600D3FCFF /* Base */,
			);
			name = Main.storyboard;
			sourceTree = "<group>";
		};
		8DD5CA5426CBB8D900D3FCFF /* LaunchScreen.storyboard */ = {
			isa = PBXVariantGroup;
			children = (
				8DD5CA5526CBB8D900D3FCFF /* Base */,
			);
			name = LaunchScreen.storyboard;
			sourceTree = "<group>";
		};
/* End PBXVariantGroup section */

/* Begin XCBuildConfiguration section */
		8DD5CA5826CBB8D900D3FCFF /* Debug */ = {
			isa = XCBuildConfiguration;
			buildSettings = {
				ALWAYS_SEARCH_USER_PATHS = NO;
				CLANG_ANALYZER_NONNULL = YES;
				CLANG_ANALYZER_NUMBER_OBJECT_CONVERSION = YES_AGGRESSIVE;
				CLANG_CXX_LANGUAGE_STANDARD = "gnu++14";
				CLANG_CXX_LIBRARY = "libc++";
				CLANG_ENABLE_MODULES = YES;
				CLANG_ENABLE_OBJC_ARC = YES;
				CLANG_ENABLE_OBJC_WEAK = YES;
				CLANG_WARN_BLOCK_CAPTURE_AUTORELEASING = YES;
				CLANG_WARN_BOOL_CONVERSION = YES;
				CLANG_WARN_COMMA = YES;
				CLANG_WARN_CONSTANT_CONVERSION = YES;
				CLANG_WARN_DEPRECATED_OBJC_IMPLEMENTATIONS = YES;
				CLANG_WARN_DIRECT_OBJC_ISA_USAGE = YES_ERROR;
				CLANG_WARN_DOCUMENTATION_COMMENTS = YES;
				CLANG_WARN_EMPTY_BODY = YES;
				CLANG_WARN_ENUM_CONVERSION = YES;
				CLANG_WARN_INFINITE_RECURSION = YES;
				CLANG_WARN_INT_CONVERSION = YES;
				CLANG_WARN_NON_LITERAL_NULL_CONVERSION = YES;
				CLANG_WARN_OBJC_IMPLICIT_RETAIN_SELF = YES;
				CLANG_WARN_OBJC_LITERAL_CONVERSION = YES;
				CLANG_WARN_OBJC_ROOT_CLASS = YES_ERROR;
				CLANG_WARN_QUOTED_INCLUDE_IN_FRAMEWORK_HEADER = YES;
				CLANG_WARN_RANGE_LOOP_ANALYSIS = YES;
				CLANG_WARN_STRICT_PROTOTYPES = YES;
				CLANG_WARN_SUSPICIOUS_MOVE = YES;
				CLANG_WARN_UNGUARDED_AVAILABILITY = YES_AGGRESSIVE;
				CLANG_WARN_UNREACHABLE_CODE = YES;
				CLANG_WARN__DUPLICATE_METHOD_MATCH = YES;
				COPY_PHASE_STRIP = NO;
				DEBUG_INFORMATION_FORMAT = dwarf;
				ENABLE_STRICT_OBJC_MSGSEND = YES;
				ENABLE_TESTABILITY = YES;
				GCC_C_LANGUAGE_STANDARD = gnu11;
				GCC_DYNAMIC_NO_PIC = NO;
				GCC_NO_COMMON_BLOCKS = YES;
				GCC_OPTIMIZATION_LEVEL = 0;
				GCC_PREPROCESSOR_DEFINITIONS = (
					"DEBUG=1",
					"$(inherited)",
				);
				GCC_WARN_64_TO_32_BIT_CONVERSION = YES;
				GCC_WARN_ABOUT_RETURN_TYPE = YES_ERROR;
				GCC_WARN_UNDECLARED_SELECTOR = YES;
				GCC_WARN_UNINITIALIZED_AUTOS = YES_AGGRESSIVE;
				GCC_WARN_UNUSED_FUNCTION = YES;
				GCC_WARN_UNUSED_VARIABLE = YES;
				IPHONEOS_DEPLOYMENT_TARGET = 14.5;
				MTL_ENABLE_DEBUG_INFO = INCLUDE_SOURCE;
				MTL_FAST_MATH = YES;
				ONLY_ACTIVE_ARCH = YES;
				SDKROOT = iphoneos;
				SWIFT_ACTIVE_COMPILATION_CONDITIONS = DEBUG;
				SWIFT_OPTIMIZATION_LEVEL = "-Onone";
			};
			name = Debug;
		};
		8DD5CA5926CBB8D900D3FCFF /* Release */ = {
			isa = XCBuildConfiguration;
			buildSettings = {
				ALWAYS_SEARCH_USER_PATHS = NO;
				CLANG_ANALYZER_NONNULL = YES;
				CLANG_ANALYZER_NUMBER_OBJECT_CONVERSION = YES_AGGRESSIVE;
				CLANG_CXX_LANGUAGE_STANDARD = "gnu++14";
				CLANG_CXX_LIBRARY = "libc++";
				CLANG_ENABLE_MODULES = YES;
				CLANG_ENABLE_OBJC_ARC = YES;
				CLANG_ENABLE_OBJC_WEAK = YES;
				CLANG_WARN_BLOCK_CAPTURE_AUTORELEASING = YES;
				CLANG_WARN_BOOL_CONVERSION = YES;
				CLANG_WARN_COMMA = YES;
				CLANG_WARN_CONSTANT_CONVERSION = YES;
				CLANG_WARN_DEPRECATED_OBJC_IMPLEMENTATIONS = YES;
				CLANG_WARN_DIRECT_OBJC_ISA_USAGE = YES_ERROR;
				CLANG_WARN_DOCUMENTATION_COMMENTS = YES;
				CLANG_WARN_EMPTY_BODY = YES;
				CLANG_WARN_ENUM_CONVERSION = YES;
				CLANG_WARN_INFINITE_RECURSION = YES;
				CLANG_WARN_INT_CONVERSION = YES;
				CLANG_WARN_NON_LITERAL_NULL_CONVERSION = YES;
				CLANG_WARN_OBJC_IMPLICIT_RETAIN_SELF = YES;
				CLANG_WARN_OBJC_LITERAL_CONVERSION = YES;
				CLANG_WARN_OBJC_ROOT_CLASS = YES_ERROR;
				CLANG_WARN_QUOTED_INCLUDE_IN_FRAMEWORK_HEADER = YES;
				CLANG_WARN_RANGE_LOOP_ANALYSIS = YES;
				CLANG_WARN_STRICT_PROTOTYPES = YES;
				CLANG_WARN_SUSPICIOUS_MOVE = YES;
				CLANG_WARN_UNGUARDED_AVAILABILITY = YES_AGGRESSIVE;
				CLANG_WARN_UNREACHABLE_CODE = YES;
				CLANG_WARN__DUPLICATE_METHOD_MATCH = YES;
				COPY_PHASE_STRIP = NO;
				DEBUG_INFORMATION_FORMAT = "dwarf-with-dsym";
				ENABLE_NS_ASSERTIONS = NO;
				ENABLE_STRICT_OBJC_MSGSEND = YES;
				GCC_C_LANGUAGE_STANDARD = gnu11;
				GCC_NO_COMMON_BLOCKS = YES;
				GCC_WARN_64_TO_32_BIT_CONVERSION = YES;
				GCC_WARN_ABOUT_RETURN_TYPE = YES_ERROR;
				GCC_WARN_UNDECLARED_SELECTOR = YES;
				GCC_WARN_UNINITIALIZED_AUTOS = YES_AGGRESSIVE;
				GCC_WARN_UNUSED_FUNCTION = YES;
				GCC_WARN_UNUSED_VARIABLE = YES;
				IPHONEOS_DEPLOYMENT_TARGET = 14.5;
				MTL_ENABLE_DEBUG_INFO = NO;
				MTL_FAST_MATH = YES;
				SDKROOT = iphoneos;
				SWIFT_COMPILATION_MODE = wholemodule;
				SWIFT_OPTIMIZATION_LEVEL = "-O";
				VALIDATE_PRODUCT = YES;
			};
			name = Release;
		};
		8DD5CA5B26CBB8D900D3FCFF /* Debug */ = {
			isa = XCBuildConfiguration;
			buildSettings = {
				ASSETCATALOG_COMPILER_APPICON_NAME = AppIcon;
				ASSETCATALOG_COMPILER_GLOBAL_ACCENT_COLOR_NAME = AccentColor;
				CODE_SIGN_STYLE = Automatic;
				DEVELOPMENT_TEAM = 3544KR9DPF;
				INFOPLIST_FILE = USScienceNewsFeed/Info.plist;
				LD_RUNPATH_SEARCH_PATHS = (
					"$(inherited)",
					"@executable_path/Frameworks",
				);
				PRODUCT_BUNDLE_IDENTIFIER = "com.gg-news.USScienceNewsFeed";
				PRODUCT_NAME = "$(TARGET_NAME)";
				SWIFT_VERSION = 5.0;
				TARGETED_DEVICE_FAMILY = "1,2";
			};
			name = Debug;
		};
		8DD5CA5C26CBB8D900D3FCFF /* Release */ = {
			isa = XCBuildConfiguration;
			buildSettings = {
				ASSETCATALOG_COMPILER_APPICON_NAME = AppIcon;
				ASSETCATALOG_COMPILER_GLOBAL_ACCENT_COLOR_NAME = AccentColor;
				CODE_SIGN_STYLE = Automatic;
				DEVELOPMENT_TEAM = 3544KR9DPF;
				INFOPLIST_FILE = USScienceNewsFeed/Info.plist;
				LD_RUNPATH_SEARCH_PATHS = (
					"$(inherited)",
					"@executable_path/Frameworks",
				);
				PRODUCT_BUNDLE_IDENTIFIER = "com.gg-news.USScienceNewsFeed";
				PRODUCT_NAME = "$(TARGET_NAME)";
				SWIFT_VERSION = 5.0;
				TARGETED_DEVICE_FAMILY = "1,2";
			};
			name = Release;
		};
/* End XCBuildConfiguration section */

/* Begin XCConfigurationList section */
		8DD5CA3E26CBB8D600D3FCFF /* Build configuration list for PBXProject "TopHeadlinesNewsFeed" */ = {
			isa = XCConfigurationList;
			buildConfigurations = (
				8DD5CA5826CBB8D900D3FCFF /* Debug */,
				8DD5CA5926CBB8D900D3FCFF /* Release */,
			);
			defaultConfigurationIsVisible = 0;
			defaultConfigurationName = Release;
		};
		8DD5CA5A26CBB8D900D3FCFF /* Build configuration list for PBXNativeTarget "TopHeadlinesNewsFeed" */ = {
			isa = XCConfigurationList;
			buildConfigurations = (
				8DD5CA5B26CBB8D900D3FCFF /* Debug */,
				8DD5CA5C26CBB8D900D3FCFF /* Release */,
			);
			defaultConfigurationIsVisible = 0;
			defaultConfigurationName = Release;
		};
/* End XCConfigurationList section */

/* Begin XCRemoteSwiftPackageReference section */
		8DD5CA6826CBC2AE00D3FCFF /* XCRemoteSwiftPackageReference "Gloss" */ = {
			isa = XCRemoteSwiftPackageReference;
			repositoryURL = "https://github.com/hkellaway/Gloss.git";
			requirement = {
				kind = upToNextMajorVersion;
				minimumVersion = 3.2.1;
			};
		};
/* End XCRemoteSwiftPackageReference section */

/* Begin XCSwiftPackageProductDependency section */
		8DD5CA6926CBC2AE00D3FCFF /* Gloss */ = {
			isa = XCSwiftPackageProductDependency;
			package = 8DD5CA6826CBC2AE00D3FCFF /* XCRemoteSwiftPackageReference "Gloss" */;
			productName = Gloss;
		};
/* End XCSwiftPackageProductDependency section */

/* Begin XCVersionGroup section */
		8DD5CA4F26CBB8D600D3FCFF /* USScienceNewsFeed.xcdatamodeld */ = {
			isa = XCVersionGroup;
			children = (
				8DD5CA5026CBB8D600D3FCFF /* USScienceNewsFeed.xcdatamodel */,
			);
			currentVersion = 8DD5CA5026CBB8D600D3FCFF /* USScienceNewsFeed.xcdatamodel */;
			path = USScienceNewsFeed.xcdatamodeld;
			sourceTree = "<group>";
			versionGroupType = wrapper.xcdatamodel;
		};
/* End XCVersionGroup section */
	};
	rootObject = 8DD5CA3B26CBB8D600D3FCFF /* Project object */;
}
